
Microsoft Visual Studio Solution File, Format Version 12.00
# Visual Studio Version 17
VisualStudioVersion = 17.3.32819.101
MinimumVisualStudioVersion = 10.0.40219.1
Project("{9A19103F-16F7-4668-BE54-9A1E7A4F7556}") = "EFAssessment", "EFAssessment\EFAssessment.csproj", "{600E0130-2619-41CC-884A-2EEBF3C29631}"
EndProject
Project("{FAE04EC0-301F-11D3-BF4B-00C04F79EFBC}") = "UnitTestIntermediateAssessment", "UnitTestIntermediateAssessment\UnitTestIntermediateAssessment.csproj", "{D4EA26C6-AA4C-4581-AF36-AF6DE1FA85DE}"
EndProject
Global
	GlobalSection(SolutionConfigurationPlatforms) = preSolution
		Debug|Any CPU = Debug|Any CPU
		Release|Any CPU = Release|Any CPU
	EndGlobalSection
	GlobalSection(ProjectConfigurationPlatforms) = postSolution
		{600E0130-2619-41CC-884A-2EEBF3C29631}.Debug|Any CPU.ActiveCfg = Debug|Any CPU
		{600E0130-2619-41CC-884A-2EEBF3C29631}.Debug|Any CPU.Build.0 = Debug|Any CPU
		{600E0130-2619-41CC-884A-2EEBF3C29631}.Release|Any CPU.ActiveCfg = Release|Any CPU
		{600E0130-2619-41CC-884A-2EEBF3C29631}.Release|Any CPU.Build.0 = Release|Any CPU
		{D4EA26C6-AA4C-4581-AF36-AF6DE1FA85DE}.Debug|Any CPU.ActiveCfg = Debug|Any CPU
		{D4EA26C6-AA4C-4581-AF36-AF6DE1FA85DE}.Debug|Any CPU.Build.0 = Debug|Any CPU
		{D4EA26C6-AA4C-4581-AF36-AF6DE1FA85DE}.Release|Any CPU.ActiveCfg = Release|Any CPU
		{D4EA26C6-AA4C-4581-AF36-AF6DE1FA85DE}.Release|Any CPU.Build.0 = Release|Any CPU
	EndGlobalSection
	GlobalSection(SolutionProperties) = preSolution
		HideSolutionNode = FALSE
	EndGlobalSection
	GlobalSection(ExtensibilityGlobals) = postSolution
		SolutionGuid = {D5520592-7264-45FC-AFCC-22FEF43F549B}
	EndGlobalSection
EndGlobal
